<Solution>
  <Project Path="OrderManagement.Database/OrderManagement.Database.csproj" />
  <Project Path="OrderManagement.Web.Tests/OrderManagement.Web.Tests.csproj" />
  <Project Path="OrderManagement.Web/OrderManagement.Web.csproj" />
  <Project Path="OrderManagement.Worker/OrderManagement.Worker.csproj" />
</Solution>
